
Microsoft Visual Studio Solution File, Format Version 10.00
# Visual Studio 2008
Project("{8BC9CEB8-8B4A-11D0-8D11-00A0C91BC942}") = "CrissCross", "CrissCross.vcproj", "{D41B6899-77A7-4CB8-B739-BE29475EF864}"
EndProject
Global
	GlobalSection(SolutionConfigurationPlatforms) = preSolution
		Debug|Win32 = Debug|Win32
		Release|Win32 = Release|Win32
	EndGlobalSection
	GlobalSection(ProjectConfigurationPlatforms) = postSolution
		{D41B6899-77A7-4CB8-B739-BE29475EF864}.Debug|Win32.ActiveCfg = Debug|Win32
		{D41B6899-77A7-4CB8-B739-BE29475EF864}.Debug|Win32.Build.0 = Debug|Win32
		{D41B6899-77A7-4CB8-B739-BE29475EF864}.Release|Win32.ActiveCfg = Release|Win32
		{D41B6899-77A7-4CB8-B739-BE29475EF864}.Release|Win32.Build.0 = Release|Win32
	EndGlobalSection
	GlobalSection(SolutionProperties) = preSolution
		HideSolutionNode = FALSE
	EndGlobalSection
EndGlobal
