<?xml version="1.0" encoding="utf-8"?>
<Project ToolsVersion="4.0" xmlns="http://schemas.microsoft.com/developer/msbuild/2003">
  <ItemGroup>
    <Filter Include="Source">
      <UniqueIdentifier>{384d1c63-db08-4f42-8165-ac5bc2aefacd}</UniqueIdentifier>
    </Filter>
    <Filter Include="Headers">
      <UniqueIdentifier>{6fcd716e-1268-42d2-a0d4-244b702811ac}</UniqueIdentifier>
    </Filter>
  </ItemGroup>
  <ItemGroup>
    <ClCompile Include="..\..\source\compare.cpp">
      <Filter>Source</Filter>
    </ClCompile>
    <ClCompile Include="..\..\source\console.cpp">
      <Filter>Source</Filter>
    </ClCompile>
    <ClCompile Include="..\..\source\core_io_reader.cpp">
      <Filter>Source</Filter>
    </ClCompile>
    <ClCompile Include="..\..\source\core_io_writer.cpp">
      <Filter>Source</Filter>
    </ClCompile>
    <ClCompile Include="..\..\source\debug.cpp">
      <Filter>Source</Filter>
    </ClCompile>
    <ClCompile Include="..\..\source\error.cpp">
      <Filter>Source</Filter>
    </ClCompile>
    <ClCompile Include="..\..\source\filereader.cpp">
      <Filter>Source</Filter>
    </ClCompile>
    <ClCompile Include="..\..\source\filesystem.cpp">
      <Filter>Source</Filter>
    </ClCompile>
    <ClCompile Include="..\..\source\filewriter.cpp">
      <Filter>Source</Filter>
    </ClCompile>
    <ClCompile Include="..\..\source\md4.cpp">
      <Filter>Source</Filter>
    </ClCompile>
    <ClCompile Include="..\..\source\md5.cpp">
      <Filter>Source</Filter>
    </ClCompile>
    <ClCompile Include="..\..\source\mutex.cpp">
      <Filter>Source</Filter>
    </ClCompile>
    <ClCompile Include="..\..\source\sha1.cpp">
      <Filter>Source</Filter>
    </ClCompile>
    <ClCompile Include="..\..\source\sha256.cpp">
      <Filter>Source</Filter>
    </ClCompile>
    <ClCompile Include="..\..\source\sha512.cpp">
      <Filter>Source</Filter>
    </ClCompile>
    <ClCompile Include="..\..\source\stopwatch.cpp">
      <Filter>Source</Filter>
    </ClCompile>
    <ClCompile Include="..\..\source\string_utils.cpp">
      <Filter>Source</Filter>
    </ClCompile>
    <ClCompile Include="..\..\source\system.cpp">
      <Filter>Source</Filter>
    </ClCompile>
    <ClCompile Include="..\..\source\tiger.cpp">
      <Filter>Source</Filter>
    </ClCompile>
    <ClCompile Include="..\..\source\universal_include.cpp">
      <Filter>Source</Filter>
    </ClCompile>
    <ClCompile Include="..\..\source\version.cpp">
      <Filter>Source</Filter>
    </ClCompile>
    <ClCompile Include="..\..\source\crisscross\avltree.cpp">
      <Filter>Headers</Filter>
    </ClCompile>
    <ClCompile Include="..\..\source\crisscross\darray.cpp">
      <Filter>Headers</Filter>
    </ClCompile>
    <ClCompile Include="..\..\source\crisscross\dstack.cpp">
      <Filter>Headers</Filter>
    </ClCompile>
    <ClCompile Include="..\..\source\crisscross\hashtable.cpp">
      <Filter>Headers</Filter>
    </ClCompile>
    <ClCompile Include="..\..\source\crisscross\llist.cpp">
      <Filter>Headers</Filter>
    </ClCompile>
    <ClCompile Include="..\..\source\crisscross\rbtree.cpp">
      <Filter>Headers</Filter>
    </ClCompile>
    <ClCompile Include="..\..\source\crisscross\splaytree.cpp">
      <Filter>Headers</Filter>
    </ClCompile>
  </ItemGroup>
  <ItemGroup>
    <ClInclude Include="..\..\source\crisscross\avltree.h">
      <Filter>Headers</Filter>
    </ClInclude>
    <ClInclude Include="..\..\source\crisscross\build_number.h">
      <Filter>Headers</Filter>
    </ClInclude>
    <ClInclude Include="..\..\source\crisscross\combsort.h">
      <Filter>Headers</Filter>
    </ClInclude>
    <ClInclude Include="..\..\source\crisscross\compare.h">
      <Filter>Headers</Filter>
    </ClInclude>
    <ClInclude Include="..\..\source\crisscross\console.h">
      <Filter>Headers</Filter>
    </ClInclude>
    <ClInclude Include="..\..\source\crisscross\core_io.h">
      <Filter>Headers</Filter>
    </ClInclude>
    <ClInclude Include="..\..\source\crisscross\core_io_reader.h">
      <Filter>Headers</Filter>
    </ClInclude>
    <ClInclude Include="..\..\source\crisscross\core_io_writer.h">
      <Filter>Headers</Filter>
    </ClInclude>
    <ClInclude Include="..\..\source\crisscross\crisscross.h">
      <Filter>Headers</Filter>
    </ClInclude>
    <ClInclude Include="..\..\source\crisscross\darray.h">
      <Filter>Headers</Filter>
    </ClInclude>
    <ClInclude Include="..\..\source\crisscross\datatypes.h">
      <Filter>Headers</Filter>
    </ClInclude>
    <ClInclude Include="..\..\source\crisscross\debug.h">
      <Filter>Headers</Filter>
    </ClInclude>
    <ClInclude Include="..\..\source\crisscross\deprecate.h">
      <Filter>Headers</Filter>
    </ClInclude>
    <ClInclude Include="..\..\source\crisscross\dstack.h">
      <Filter>Headers</Filter>
    </ClInclude>
    <ClInclude Include="..\..\source\crisscross\error.h">
      <Filter>Headers</Filter>
    </ClInclude>
    <ClInclude Include="..\..\source\crisscross\filereader.h">
      <Filter>Headers</Filter>
    </ClInclude>
    <ClInclude Include="..\..\source\crisscross\filesystem.h">
      <Filter>Headers</Filter>
    </ClInclude>
    <ClInclude Include="..\..\source\crisscross\filewriter.h">
      <Filter>Headers</Filter>
    </ClInclude>
    <ClInclude Include="..\..\source\crisscross\hash.h">
      <Filter>Headers</Filter>
    </ClInclude>
    <ClInclude Include="..\..\source\crisscross\hashtable.h">
      <Filter>Headers</Filter>
    </ClInclude>
    <ClInclude Include="..\..\source\crisscross\heapsort.h">
      <Filter>Headers</Filter>
    </ClInclude>
    <ClInclude Include="..\..\source\crisscross\internal_mem.h">
      <Filter>Headers</Filter>
    </ClInclude>
    <ClInclude Include="..\..\source\crisscross\llist.h">
      <Filter>Headers</Filter>
    </ClInclude>
    <ClInclude Include="..\..\source\crisscross\md4.h">
      <Filter>Headers</Filter>
    </ClInclude>
    <ClInclude Include="..\..\source\crisscross\md5.h">
      <Filter>Headers</Filter>
    </ClInclude>
    <ClInclude Include="..\..\source\crisscross\mutex.h">
      <Filter>Headers</Filter>
    </ClInclude>
    <ClInclude Include="..\..\source\crisscross\node.h">
      <Filter>Headers</Filter>
    </ClInclude>
    <ClInclude Include="..\..\source\crisscross\platform_detect.h">
      <Filter>Headers</Filter>
    </ClInclude>
    <ClInclude Include="..\..\source\crisscross\quicksort.h">
      <Filter>Headers</Filter>
    </ClInclude>
    <ClInclude Include="..\..\source\crisscross\rbtree.h">
      <Filter>Headers</Filter>
    </ClInclude>
    <ClInclude Include="..\..\source\crisscross\sha1.h">
      <Filter>Headers</Filter>
    </ClInclude>
    <ClInclude Include="..\..\source\crisscross\sha256.h">
      <Filter>Headers</Filter>
    </ClInclude>
    <ClInclude Include="..\..\source\crisscross\sha512.h">
      <Filter>Headers</Filter>
    </ClInclude>
    <ClInclude Include="..\..\source\crisscross\shellsort.h">
      <Filter>Headers</Filter>
    </ClInclude>
    <ClInclude Include="..\..\source\crisscross\sort.h">
      <Filter>Headers</Filter>
    </ClInclude>
    <ClInclude Include="..\..\source\crisscross\splaytree.h">
      <Filter>Headers</Filter>
    </ClInclude>
    <ClInclude Include="..\..\source\crisscross\stltree.h">
      <Filter>Headers</Filter>
    </ClInclude>
    <ClInclude Include="..\..\source\crisscross\stopwatch.h">
      <Filter>Headers</Filter>
    </ClInclude>
    <ClInclude Include="..\..\source\crisscross\system.h">
      <Filter>Headers</Filter>
    </ClInclude>
    <ClInclude Include="..\..\source\crisscross\tiger.h">
      <Filter>Headers</Filter>
    </ClInclude>
    <ClInclude Include="..\..\source\crisscross\universal_include.h">
      <Filter>Headers</Filter>
    </ClInclude>
    <ClInclude Include="..\..\source\crisscross\version.h">
      <Filter>Headers</Filter>
    </ClInclude>
    <ClInclude Include="..\..\source\crisscross\quadtree.h">
      <Filter>Headers</Filter>
    </ClInclude>
  </ItemGroup>
</Project>