<?xml version="1.0" encoding="UTF-8" standalone="yes" ?>
<CodeBlocks_project_file>
	<FileVersion major="1" minor="6" />
	<Project>
		<Option title="CrissCross" />
		<Option pch_mode="2" />
		<Option compiler="gcc" />
		<Build>
			<Target title="Debug">
				<Option output="bin/debug/libCrissCross" prefix_auto="1" extension_auto="1" />
				<Option working_dir="" />
				<Option object_output="obj/debug/" />
				<Option type="2" />
				<Option compiler="gcc" />
				<Option createDefFile="1" />
				<Compiler>
					<Add option="-Wall" />
					<Add option="-g" />
				</Compiler>
			</Target>
			<Target title="Release">
				<Option output="bin/release/libCrissCross" prefix_auto="1" extension_auto="1" />
				<Option working_dir="" />
				<Option object_output="obj/release/" />
				<Option type="2" />
				<Option compiler="gcc" />
				<Option createDefFile="1" />
				<Compiler>
					<Add option="-Wall" />
					<Add option="-O2" />
				</Compiler>
				<Linker>
					<Add option="-s" />
				</Linker>
			</Target>
		</Build>
		<Compiler>
			<Add directory="../../source" />
		</Compiler>
		<ExtraCommands>
			<Add before="perl ../../tools/gen_buildnum_h.pl ../../source/crisscross/build_number.h" />
		</ExtraCommands>
		<Unit filename="../../source/console.cpp" />
		<Unit filename="../../source/core_io_reader.cpp" />
		<Unit filename="../../source/core_io_writer.cpp" />
		<Unit filename="../../source/core_network.cpp" />
		<Unit filename="../../source/core_socket.cpp" />
		<Unit filename="../../source/cpuid.cpp" />
		<Unit filename="../../source/crisscross/avltree.h" />
		<Unit filename="../../source/crisscross/build_number.h" />
		<Unit filename="../../source/crisscross/combsort.h" />
		<Unit filename="../../source/crisscross/compare.h" />
		<Unit filename="../../source/crisscross/console.h" />
		<Unit filename="../../source/crisscross/core_io.h" />
		<Unit filename="../../source/crisscross/core_io_reader.h" />
		<Unit filename="../../source/crisscross/core_io_writer.h" />
		<Unit filename="../../source/crisscross/core_network.h" />
		<Unit filename="../../source/crisscross/core_socket.h" />
		<Unit filename="../../source/crisscross/cpuid.h" />
		<Unit filename="../../source/crisscross/crisscross.h" />
		<Unit filename="../../source/crisscross/darray.h" />
		<Unit filename="../../source/crisscross/datatypes.h" />
		<Unit filename="../../source/crisscross/debug.h" />
		<Unit filename="../../source/crisscross/deprecate.h" />
		<Unit filename="../../source/crisscross/dstack.h" />
		<Unit filename="../../source/crisscross/endian.h" />
		<Unit filename="../../source/crisscross/error.h" />
		<Unit filename="../../source/crisscross/filereader.h" />
		<Unit filename="../../source/crisscross/filesystem.h" />
		<Unit filename="../../source/crisscross/filewriter.h" />
		<Unit filename="../../source/crisscross/hash.h" />
		<Unit filename="../../source/crisscross/hashtable.h" />
		<Unit filename="../../source/crisscross/heapsort.h" />
		<Unit filename="../../source/crisscross/internal_mem.h" />
		<Unit filename="../../source/crisscross/llist.h" />
		<Unit filename="../../source/crisscross/md4.h" />
		<Unit filename="../../source/crisscross/md5.h" />
		<Unit filename="../../source/crisscross/mutex.h" />
		<Unit filename="../../source/crisscross/node.h" />
		<Unit filename="../../source/crisscross/platform_detect.h" />
		<Unit filename="../../source/crisscross/profiler.h" />
		<Unit filename="../../source/crisscross/quadtree.h" />
		<Unit filename="../../source/crisscross/quicksort.h" />
		<Unit filename="../../source/crisscross/rbtree.h" />
		<Unit filename="../../source/crisscross/sha1.h" />
		<Unit filename="../../source/crisscross/sha256.h" />
		<Unit filename="../../source/crisscross/sha512.h" />
		<Unit filename="../../source/crisscross/shellsort.h" />
		<Unit filename="../../source/crisscross/sort.h" />
		<Unit filename="../../source/crisscross/splaytree.h" />
		<Unit filename="../../source/crisscross/stltree.h" />
		<Unit filename="../../source/crisscross/stopwatch.h" />
		<Unit filename="../../source/crisscross/system.h" />
		<Unit filename="../../source/crisscross/tcpsocket.h" />
		<Unit filename="../../source/crisscross/tiger.h" />
		<Unit filename="../../source/crisscross/udpsocket.h" />
		<Unit filename="../../source/crisscross/universal_include.h" />
		<Unit filename="../../source/crisscross/vec2.h" />
		<Unit filename="../../source/crisscross/version.h" />
		<Unit filename="../../source/crisscross/zombiehunter.h" />
		<Unit filename="../../source/debug.cpp" />
		<Unit filename="../../source/error.cpp" />
		<Unit filename="../../source/filereader.cpp" />
		<Unit filename="../../source/filesystem.cpp" />
		<Unit filename="../../source/filewriter.cpp" />
		<Unit filename="../../source/md4.cpp" />
		<Unit filename="../../source/md5.cpp" />
		<Unit filename="../../source/mutex.cpp" />
		<Unit filename="../../source/profiler.cpp" />
		<Unit filename="../../source/sha1.cpp" />
		<Unit filename="../../source/sha256.cpp" />
		<Unit filename="../../source/sha512.cpp" />
		<Unit filename="../../source/stopwatch.cpp" />
		<Unit filename="../../source/system.cpp" />
		<Unit filename="../../source/tcpsocket.cpp" />
		<Unit filename="../../source/tiger.cpp" />
		<Unit filename="../../source/udpsocket.cpp" />
		<Unit filename="../../source/universal_include.cpp" />
		<Unit filename="../../source/version.cpp" />
		<Unit filename="../../source/zombiehunter.cpp" />
		<Extensions>
			<code_completion />
			<debugger />
		</Extensions>
	</Project>
</CodeBlocks_project_file>
